
Microsoft Visual Studio Solution File, Format Version 12.00
# Visual Studio 2013
Project("{FAE04EC0-301F-11D3-BF4B-00C04F79EFBC}") = "WiiMoteTest.CSharp", "WiiMoteTest.CSharp.csproj", "{70429CA0-9BE7-1DE3-B3AA-ED144BBC0473}"
EndProject
Project("{FAE04EC0-301F-11D3-BF4B-00C04F79EFBC}") = "WiiMoteTest.CSharp.Editor", "WiiMoteTest.CSharp.Editor.csproj", "{7F2EE6B1-F868-082E-DFDE-1DB15039F997}"
EndProject
Global
	GlobalSection(SolutionConfigurationPlatforms) = preSolution
		Debug|Any CPU = Debug|Any CPU
		Release|Any CPU = Release|Any CPU
	EndGlobalSection
	GlobalSection(ProjectConfigurationPlatforms) = postSolution
		{70429CA0-9BE7-1DE3-B3AA-ED144BBC0473}.Debug|Any CPU.ActiveCfg = Debug|Any CPU
		{70429CA0-9BE7-1DE3-B3AA-ED144BBC0473}.Debug|Any CPU.Build.0 = Debug|Any CPU
		{70429CA0-9BE7-1DE3-B3AA-ED144BBC0473}.Release|Any CPU.ActiveCfg = Release|Any CPU
		{70429CA0-9BE7-1DE3-B3AA-ED144BBC0473}.Release|Any CPU.Build.0 = Release|Any CPU
		{7F2EE6B1-F868-082E-DFDE-1DB15039F997}.Debug|Any CPU.ActiveCfg = Debug|Any CPU
		{7F2EE6B1-F868-082E-DFDE-1DB15039F997}.Debug|Any CPU.Build.0 = Debug|Any CPU
		{7F2EE6B1-F868-082E-DFDE-1DB15039F997}.Release|Any CPU.ActiveCfg = Release|Any CPU
		{7F2EE6B1-F868-082E-DFDE-1DB15039F997}.Release|Any CPU.Build.0 = Release|Any CPU
	EndGlobalSection
	GlobalSection(SolutionProperties) = preSolution
		HideSolutionNode = FALSE
	EndGlobalSection
EndGlobal
